<?xml version="1.0" encoding="utf-8"?>
<Project ToolsVersion="4.0" xmlns="http://schemas.microsoft.com/developer/msbuild/2003">
  <ItemGroup>
    <Filter Include="Source Files">
      <UniqueIdentifier>{4FC737F1-C7A5-4376-A066-2A32D752A2FF}</UniqueIdentifier>
      <Extensions>cpp;c;cc;cxx;c++;cppm;ixx;def;odl;idl;hpj;bat;asm;asmx</Extensions>
    </Filter>
    <Filter Include="Header Files">
      <UniqueIdentifier>{93995380-89BD-4b04-88EB-625FBE52EBFB}</UniqueIdentifier>
      <Extensions>h;hh;hpp;hxx;h++;hm;inl;inc;ipp;xsd</Extensions>
    </Filter>
    <Filter Include="Resource Files">
      <UniqueIdentifier>{67DA6AB6-F800-4c08-8B7A-83BB121AAD01}</UniqueIdentifier>
      <Extensions>rc;ico;cur;bmp;dlg;rc2;rct;bin;rgs;gif;jpg;jpeg;jpe;resx;tiff;tif;png;wav;mfcribbon-ms</Extensions>
    </Filter>
    <Filter Include="Source Files\demo">
      <UniqueIdentifier>{c56f7c3f-21f3-4ece-b2b2-6e704d5fe2cb}</UniqueIdentifier>
    </Filter>
    <Filter Include="glad">
      <UniqueIdentifier>{fa0f9d84-aa43-4f02-83d0-1f4c677bf4a4}</UniqueIdentifier>
    </Filter>
    <Filter Include="miniz">
      <UniqueIdentifier>{fc9afc1d-b10d-4cea-94d0-efdd72db6b0f}</UniqueIdentifier>
    </Filter>
  </ItemGroup>
  <ItemGroup>
    <ClCompile Include="src\ancillary.cpp">
      <Filter>Source Files</Filter>
    </ClCompile>
    <ClCompile Include="src\App.cpp">
      <Filter>Source Files</Filter>
    </ClCompile>
    <ClCompile Include="src\ConsoleCapture.cpp">
      <Filter>Source Files</Filter>
    </ClCompile>
    <ClCompile Include="src\FusedArchive.cpp">
      <Filter>Source Files</Filter>
    </ClCompile>
    <ClCompile Include="src\IBM_VGA8.cpp">
      <Filter>Source Files</Filter>
    </ClCompile>
    <ClCompile Include="src\keyboard.cpp">
      <Filter>Source Files</Filter>
    </ClCompile>
    <ClCompile Include="src\LuaHost.cpp">
      <Filter>Source Files</Filter>
    </ClCompile>
    <ClCompile Include="src\main.cpp">
      <Filter>Source Files</Filter>
    </ClCompile>
    <ClCompile Include="src\misc.cpp">
      <Filter>Source Files</Filter>
    </ClCompile>
    <ClCompile Include="src\MonospaceMonochromePixelFont.cpp">
      <Filter>Source Files</Filter>
    </ClCompile>
    <ClCompile Include="src\Renderer.cpp">
      <Filter>Source Files</Filter>
    </ClCompile>
    <ClCompile Include="src\Screen.cpp">
      <Filter>Source Files</Filter>
    </ClCompile>
    <ClCompile Include="src\ScreenInfo.cpp">
      <Filter>Source Files</Filter>
    </ClCompile>
    <ClCompile Include="src\ScreenLua.cpp">
      <Filter>Source Files</Filter>
    </ClCompile>
    <ClCompile Include="src\Window.cpp">
      <Filter>Source Files</Filter>
    </ClCompile>
    <ClCompile Include="glad\glad.c">
      <Filter>glad</Filter>
    </ClCompile>
    <ClCompile Include="miniz\miniz.c">
      <Filter>miniz</Filter>
    </ClCompile>
  </ItemGroup>
  <ItemGroup>
    <ClInclude Include="src\ancillary.h">
      <Filter>Source Files</Filter>
    </ClInclude>
    <ClInclude Include="src\App.h">
      <Filter>Source Files</Filter>
    </ClInclude>
    <ClInclude Include="src\ConsoleCapture.h">
      <Filter>Source Files</Filter>
    </ClInclude>
    <ClInclude Include="src\FusedArchive.h">
      <Filter>Source Files</Filter>
    </ClInclude>
    <ClInclude Include="src\gl.h">
      <Filter>Source Files</Filter>
    </ClInclude>
    <ClInclude Include="src\IBM_VGA8.h">
      <Filter>Source Files</Filter>
    </ClInclude>
    <ClInclude Include="src\Image.h">
      <Filter>Source Files</Filter>
    </ClInclude>
    <ClInclude Include="src\keyboard.h">
      <Filter>Source Files</Filter>
    </ClInclude>
    <ClInclude Include="src\license.h">
      <Filter>Source Files</Filter>
    </ClInclude>
    <ClInclude Include="src\LuaHost.h">
      <Filter>Source Files</Filter>
    </ClInclude>
    <ClInclude Include="src\misc.h">
      <Filter>Source Files</Filter>
    </ClInclude>
    <ClInclude Include="src\MonospaceMonochromePixelFont.h">
      <Filter>Source Files</Filter>
    </ClInclude>
    <ClInclude Include="src\Renderer.h">
      <Filter>Source Files</Filter>
    </ClInclude>
    <ClInclude Include="src\Screen.h">
      <Filter>Source Files</Filter>
    </ClInclude>
    <ClInclude Include="src\ScreenInfo.h">
      <Filter>Source Files</Filter>
    </ClInclude>
    <ClInclude Include="src\ScreenLua.h">
      <Filter>Source Files</Filter>
    </ClInclude>
    <ClInclude Include="src\Window.h">
      <Filter>Source Files</Filter>
    </ClInclude>
  </ItemGroup>
  <ItemGroup>
    <None Include="src\Lime2D Reference Manual.md">
      <Filter>Source Files</Filter>
    </None>
    <None Include="src\demo\pong.lua">
      <Filter>Source Files\demo</Filter>
    </None>
  </ItemGroup>
</Project>